
Microsoft Visual Studio Solution File, Format Version 12.00
# Visual Studio Version 16
VisualStudioVersion = 16.0.30804.86
MinimumVisualStudioVersion = 10.0.40219.1
Project("{FAE04EC0-301F-11D3-BF4B-00C04F79EFBC}") = "NodarbibuSarakstsPR4", "NodarbibuSarakstsPR4.csproj", "{CEDF7D5C-0F40-464D-8E0A-EDBA3FD49BF2}"
EndProject
Project("{FAE04EC0-301F-11D3-BF4B-00C04F79EFBC}") = "NodarbibuSarakstsApp", "..\NodarbibuSarakstsApp\NodarbibuSarakstsApp.csproj", "{96A7D32F-9EA8-4594-B3E7-D1F02961BFEC}"
EndProject
Global
	GlobalSection(SolutionConfigurationPlatforms) = preSolution
		Debug|Any CPU = Debug|Any CPU
		Release|Any CPU = Release|Any CPU
	EndGlobalSection
	GlobalSection(ProjectConfigurationPlatforms) = postSolution
		{CEDF7D5C-0F40-464D-8E0A-EDBA3FD49BF2}.Debug|Any CPU.ActiveCfg = Debug|Any CPU
		{CEDF7D5C-0F40-464D-8E0A-EDBA3FD49BF2}.Debug|Any CPU.Build.0 = Debug|Any CPU
		{CEDF7D5C-0F40-464D-8E0A-EDBA3FD49BF2}.Release|Any CPU.ActiveCfg = Release|Any CPU
		{CEDF7D5C-0F40-464D-8E0A-EDBA3FD49BF2}.Release|Any CPU.Build.0 = Release|Any CPU
		{96A7D32F-9EA8-4594-B3E7-D1F02961BFEC}.Debug|Any CPU.ActiveCfg = Debug|Any CPU
		{96A7D32F-9EA8-4594-B3E7-D1F02961BFEC}.Debug|Any CPU.Build.0 = Debug|Any CPU
		{96A7D32F-9EA8-4594-B3E7-D1F02961BFEC}.Release|Any CPU.ActiveCfg = Release|Any CPU
		{96A7D32F-9EA8-4594-B3E7-D1F02961BFEC}.Release|Any CPU.Build.0 = Release|Any CPU
	EndGlobalSection
	GlobalSection(SolutionProperties) = preSolution
		HideSolutionNode = FALSE
	EndGlobalSection
	GlobalSection(ExtensibilityGlobals) = postSolution
		SolutionGuid = {B3BB8F60-C8EE-44D8-AA4C-006668106411}
	EndGlobalSection
EndGlobal
